
Microsoft Visual Studio Solution File, Format Version 12.00
# Visual Studio Version 16
VisualStudioVersion = 16.0.32630.194
MinimumVisualStudioVersion = 10.0.40219.1
Project("{FAE04EC0-301F-11D3-BF4B-00C04F79EFBC}") = "TaskOne", "TaskOne\TaskOne.csproj", "{BB234692-E91F-46FB-95D9-D82E03B093E1}"
EndProject
Global
	GlobalSection(SolutionConfigurationPlatforms) = preSolution
		Debug|Any CPU = Debug|Any CPU
		Release|Any CPU = Release|Any CPU
	EndGlobalSection
	GlobalSection(ProjectConfigurationPlatforms) = postSolution
		{BB234692-E91F-46FB-95D9-D82E03B093E1}.Debug|Any CPU.ActiveCfg = Debug|Any CPU
		{BB234692-E91F-46FB-95D9-D82E03B093E1}.Debug|Any CPU.Build.0 = Debug|Any CPU
		{BB234692-E91F-46FB-95D9-D82E03B093E1}.Release|Any CPU.ActiveCfg = Release|Any CPU
		{BB234692-E91F-46FB-95D9-D82E03B093E1}.Release|Any CPU.Build.0 = Release|Any CPU
	EndGlobalSection
	GlobalSection(SolutionProperties) = preSolution
		HideSolutionNode = FALSE
	EndGlobalSection
	GlobalSection(ExtensibilityGlobals) = postSolution
		SolutionGuid = {A63CDE8F-1387-48D2-A37A-B8E11B781046}
	EndGlobalSection
EndGlobal
