
Microsoft Visual Studio Solution File, Format Version 12.00
# Visual Studio Version 16
VisualStudioVersion = 16.0.32630.194
MinimumVisualStudioVersion = 10.0.40219.1
Project("{FAE04EC0-301F-11D3-BF4B-00C04F79EFBC}") = "TaskTwo", "TaskTwo\TaskTwo.csproj", "{67381FA6-A316-4550-BBD1-52118F46469F}"
EndProject
Global
	GlobalSection(SolutionConfigurationPlatforms) = preSolution
		Debug|Any CPU = Debug|Any CPU
		Debug|x86 = Debug|x86
		Release|Any CPU = Release|Any CPU
		Release|x86 = Release|x86
	EndGlobalSection
	GlobalSection(ProjectConfigurationPlatforms) = postSolution
		{67381FA6-A316-4550-BBD1-52118F46469F}.Debug|Any CPU.ActiveCfg = Debug|Any CPU
		{67381FA6-A316-4550-BBD1-52118F46469F}.Debug|Any CPU.Build.0 = Debug|Any CPU
		{67381FA6-A316-4550-BBD1-52118F46469F}.Debug|x86.ActiveCfg = Debug|x86
		{67381FA6-A316-4550-BBD1-52118F46469F}.Debug|x86.Build.0 = Debug|x86
		{67381FA6-A316-4550-BBD1-52118F46469F}.Release|Any CPU.ActiveCfg = Release|Any CPU
		{67381FA6-A316-4550-BBD1-52118F46469F}.Release|Any CPU.Build.0 = Release|Any CPU
		{67381FA6-A316-4550-BBD1-52118F46469F}.Release|x86.ActiveCfg = Release|x86
		{67381FA6-A316-4550-BBD1-52118F46469F}.Release|x86.Build.0 = Release|x86
	EndGlobalSection
	GlobalSection(SolutionProperties) = preSolution
		HideSolutionNode = FALSE
	EndGlobalSection
	GlobalSection(ExtensibilityGlobals) = postSolution
		SolutionGuid = {9424F72D-7D99-410A-9B82-DF25CC4EE471}
	EndGlobalSection
EndGlobal
